{
    "_readme": [
        "This file locks the dependencies of your project to a known state",
        "Read more about it at https://getcomposer.org/doc/01-basic-usage.md#composer-lock-the-lock-file",
        "This file is @generated automatically"
    ],
    "hash": "66e091e8ad82da51d4174697ce6a3631",
    "content-hash": "c7e72ac020b10343faf6efa624075cbc",
    "packages": [
        {
            "name": "wrench/wrench",
            "version": "dev-master",
            "source": {
                "type": "git",
                "url": "https://github.com/varspool/Wrench.git",
                "reference": "fb0af65330132af000071dcf3c4b07afedf23bf1"
            },
            "dist": {
                "type": "zip",
                "url": "https://api.github.com/repos/varspool/Wrench/zipball/fb0af65330132af000071dcf3c4b07afedf23bf1",
                "reference": "fb0af65330132af000071dcf3c4b07afedf23bf1",
                "shasum": ""
            },
            "require": {
                "ext-sockets": "*",
                "php": ">=5.3"
            },
            "require-dev": {
                "phpunit/phpunit": "~4.5"
            },
            "type": "library",
            "extra": {
                "branch-alias": {
                    "dev-master": "2.0.x-dev"
                }
            },
            "autoload": {
                "psr-0": {
                    "Wrench": "lib/"
                }
            },
            "notification-url": "https://packagist.org/downloads/",
            "license": [
                "WTFPL"
            ],
            "authors": [
                {
                    "name": "Dominic Scheirlinck",
                    "email": "dominic@varspool.com",
                    "homepage": "http://www.somethingemporium.com/"
                },
                {
                    "name": "Simon Samtleben",
                    "email": "web@lemmingzshadow.net",
                    "homepage": "http://lemmingzshadow.net/"
                },
                {
                    "name": "Nico Kaiser",
                    "email": "nico@kaiser.me",
                    "homepage": "http://siriux.net/"
                }
            ],
            "description": "PHP WebSocket client/server library",
            "homepage": "http://github.com/varspool/Wrench",
            "keywords": [
                "WebSockets",
                "hybi",
                "websocket"
            ],
            "time": "2015-02-18 13:40:25"
        }
    ],
    "packages-dev": [],
    "aliases": [],
    "minimum-stability": "stable",
    "stability-flags": {
        "wrench/wrench": 20
    },
    "prefer-stable": false,
    "prefer-lowest": false,
    "platform": [],
    "platform-dev": []
}
